Microsoft Visual Studio Solution File, Format Version 12.00
# Visual Studio 2012
Project("{FAE04EC0-301F-11D3-BF4B-00C04F79EFBC}") = "Hexertion", "Hexertion.csproj", "{90507891-10F0-4991-9AB4-B1DA77EBEB0E}"
EndProject
Global
	GlobalSection(SolutionConfigurationPlatforms) = preSolution
	Debug|Any CPU = Debug|Any CPU
	ExportDebug|Any CPU = ExportDebug|Any CPU
	ExportRelease|Any CPU = ExportRelease|Any CPU
	EndGlobalSection
	GlobalSection(ProjectConfigurationPlatforms) = postSolution
		{90507891-10F0-4991-9AB4-B1DA77EBEB0E}.Debug|Any CPU.ActiveCfg = Debug|Any CPU
		{90507891-10F0-4991-9AB4-B1DA77EBEB0E}.Debug|Any CPU.Build.0 = Debug|Any CPU
		{90507891-10F0-4991-9AB4-B1DA77EBEB0E}.ExportDebug|Any CPU.ActiveCfg = ExportDebug|Any CPU
		{90507891-10F0-4991-9AB4-B1DA77EBEB0E}.ExportDebug|Any CPU.Build.0 = ExportDebug|Any CPU
		{90507891-10F0-4991-9AB4-B1DA77EBEB0E}.ExportRelease|Any CPU.ActiveCfg = ExportRelease|Any CPU
		{90507891-10F0-4991-9AB4-B1DA77EBEB0E}.ExportRelease|Any CPU.Build.0 = ExportRelease|Any CPU
	EndGlobalSection
EndGlobal
